
Microsoft Visual Studio Solution File, Format Version 12.00
# Visual Studio Version 16
VisualStudioVersion = 16.0.31410.357
MinimumVisualStudioVersion = 10.0.40219.1
Project("{FAE04EC0-301F-11D3-BF4B-00C04F79EFBC}") = "CRUD_11", "CRUD_11.csproj", "{8F4EAEF6-9128-471F-AB89-A13A8D1874CA}"
EndProject
Project("{2150E333-8FDC-42A3-9474-1A3956D46DE8}") = "Solution Items", "Solution Items", "{E0B63E0F-74CF-4DA7-AA94-590B35D2D22C}"
	ProjectSection(SolutionItems) = preProject
		.editorconfig = .editorconfig
	EndProjectSection
EndProject
Global
	GlobalSection(SolutionConfigurationPlatforms) = preSolution
		Debug|Any CPU = Debug|Any CPU
		Release|Any CPU = Release|Any CPU
	EndGlobalSection
	GlobalSection(ProjectConfigurationPlatforms) = postSolution
		{8F4EAEF6-9128-471F-AB89-A13A8D1874CA}.Debug|Any CPU.ActiveCfg = Debug|Any CPU
		{8F4EAEF6-9128-471F-AB89-A13A8D1874CA}.Debug|Any CPU.Build.0 = Debug|Any CPU
		{8F4EAEF6-9128-471F-AB89-A13A8D1874CA}.Release|Any CPU.ActiveCfg = Release|Any CPU
		{8F4EAEF6-9128-471F-AB89-A13A8D1874CA}.Release|Any CPU.Build.0 = Release|Any CPU
	EndGlobalSection
	GlobalSection(SolutionProperties) = preSolution
		HideSolutionNode = FALSE
	EndGlobalSection
	GlobalSection(ExtensibilityGlobals) = postSolution
		SolutionGuid = {75DD464C-B407-4D73-960D-38360D0682A7}
	EndGlobalSection
EndGlobal
